{
    "_readme": [
        "This file locks the dependencies of your project to a known state",
        "Read more about it at https://getcomposer.org/doc/01-basic-usage.md#composer-lock-the-lock-file",
        "This file is @generated automatically"
    ],
    "hash": "947c7795f0cfb11ccc4b861fd43b1b21",
    "content-hash": "9ab58a801ddb09d603296b5d9bf6cfa5",
    "packages": [
        {
            "name": "jjgrainger/posttypes",
            "version": "1.1.2",
            "source": {
                "type": "git",
                "url": "https://github.com/jjgrainger/PostTypes.git",
                "reference": "736c43ecf3e6272a1b18c3857ecea3ac4b030745"
            },
            "dist": {
                "type": "zip",
                "url": "https://api.github.com/repos/jjgrainger/PostTypes/zipball/736c43ecf3e6272a1b18c3857ecea3ac4b030745",
                "reference": "736c43ecf3e6272a1b18c3857ecea3ac4b030745",
                "shasum": ""
            },
            "require": {
                "php": ">=5.3.0"
            },
            "require-dev": {
                "squizlabs/php_codesniffer": "^2.8"
            },
            "type": "library",
            "autoload": {
                "psr-4": {
                    "PostTypes\\": "src/"
                }
            },
            "notification-url": "https://packagist.org/downloads/",
            "license": [
                "MIT"
            ],
            "authors": [
                {
                    "name": "Joe Grainger",
                    "email": "hello@jjgrainger.co.uk",
                    "homepage": "http://jjgrainger.co.uk"
                }
            ],
            "description": "Simple WordPress custom post types.",
            "homepage": "https://github.com/jjgrainger/posttype",
            "time": "2017-05-19 12:53:48"
        }
    ],
    "packages-dev": [],
    "aliases": [],
    "minimum-stability": "stable",
    "stability-flags": [],
    "prefer-stable": false,
    "prefer-lowest": false,
    "platform": {
        "php": ">=5.3.2"
    },
    "platform-dev": []
}
